// !$*UTF8*$!
{
	archiveVersion = 1;
	classes = {
	};
	objectVersion = 51;
	objects = {

/* Begin PBXBuildFile section */
		24AB4FB01FCFC5449B95558D /* Pods_ReferenceRepository.framework in Frameworks */ = {isa = PBXBuildFile; fileRef = F2FD301231BF38812C4482C4 /* Pods_ReferenceRepository.framework */; };
		3B2D2A5126F206E600420A13 /* AppDelegate.swift in Sources */ = {isa = PBXBuildFile; fileRef = 3B2D2A5026F206E600420A13 /* AppDelegate.swift */; };
		3B2D2A5326F206E600420A13 /* SceneDelegate.swift in Sources */ = {isa = PBXBuildFile; fileRef = 3B2D2A5226F206E600420A13 /* SceneDelegate.swift */; };
		3B2D2A5526F206E600420A13 /* ViewController.swift in Sources */ = {isa = PBXBuildFile; fileRef = 3B2D2A5426F206E600420A13 /* ViewController.swift */; };
		3B2D2A5826F206E600420A13 /* ViewController.storyboard in Resources */ = {isa = PBXBuildFile; fileRef = 3B2D2A5626F206E600420A13 /* ViewController.storyboard */; };
		3B2D2A5A26F206E800420A13 /* Assets.xcassets in Resources */ = {isa = PBXBuildFile; fileRef = 3B2D2A5926F206E800420A13 /* Assets.xcassets */; };
		3B2D2A5D26F206E800420A13 /* LaunchScreen.storyboard in Resources */ = {isa = PBXBuildFile; fileRef = 3B2D2A5B26F206E800420A13 /* LaunchScreen.storyboard */; };
		3B2D2A6D26F34DC500420A13 /* ViewModel.swift in Sources */ = {isa = PBXBuildFile; fileRef = 3B2D2A6C26F34DC500420A13 /* ViewModel.swift */; };
		3B44842026F4D77500B6F098 /* ItemCollectionViewCell.swift in Sources */ = {isa = PBXBuildFile; fileRef = 3B44841E26F4D77500B6F098 /* ItemCollectionViewCell.swift */; };
		3B44842126F4D77500B6F098 /* ItemCollectionViewCell.xib in Resources */ = {isa = PBXBuildFile; fileRef = 3B44841F26F4D77500B6F098 /* ItemCollectionViewCell.xib */; };
/* End PBXBuildFile section */

/* Begin PBXFileReference section */
		3B2D2A4D26F206E600420A13 /* ReferenceRepository.app */ = {isa = PBXFileReference; explicitFileType = wrapper.application; includeInIndex = 0; path = ReferenceRepository.app; sourceTree = BUILT_PRODUCTS_DIR; };
		3B2D2A5026F206E600420A13 /* AppDelegate.swift */ = {isa = PBXFileReference; lastKnownFileType = sourcecode.swift; path = AppDelegate.swift; sourceTree = "<group>"; };
		3B2D2A5226F206E600420A13 /* SceneDelegate.swift */ = {isa = PBXFileReference; lastKnownFileType = sourcecode.swift; path = SceneDelegate.swift; sourceTree = "<group>"; };
		3B2D2A5426F206E600420A13 /* ViewController.swift */ = {isa = PBXFileReference; lastKnownFileType = sourcecode.swift; path = ViewController.swift; sourceTree = "<group>"; };
		3B2D2A5726F206E600420A13 /* Base */ = {isa = PBXFileReference; lastKnownFileType = file.storyboard; name = Base; path = Base.lproj/ViewController.storyboard; sourceTree = "<group>"; };
		3B2D2A5926F206E800420A13 /* Assets.xcassets */ = {isa = PBXFileReference; lastKnownFileType = folder.assetcatalog; path = Assets.xcassets; sourceTree = "<group>"; };
		3B2D2A5C26F206E800420A13 /* Base */ = {isa = PBXFileReference; lastKnownFileType = file.storyboard; name = Base; path = Base.lproj/LaunchScreen.storyboard; sourceTree = "<group>"; };
		3B2D2A5E26F206E800420A13 /* Info.plist */ = {isa = PBXFileReference; lastKnownFileType = text.plist.xml; path = Info.plist; sourceTree = "<group>"; };
		3B2D2A6C26F34DC500420A13 /* ViewModel.swift */ = {isa = PBXFileReference; lastKnownFileType = sourcecode.swift; path = ViewModel.swift; sourceTree = "<group>"; };
		3B44841E26F4D77500B6F098 /* ItemCollectionViewCell.swift */ = {isa = PBXFileReference; lastKnownFileType = sourcecode.swift; path = ItemCollectionViewCell.swift; sourceTree = "<group>"; };
		3B44841F26F4D77500B6F098 /* ItemCollectionViewCell.xib */ = {isa = PBXFileReference; lastKnownFileType = file.xib; path = ItemCollectionViewCell.xib; sourceTree = "<group>"; };
		483BCA609F65CB13B70B01C2 /* Pods-ReferenceRepository.debug.xcconfig */ = {isa = PBXFileReference; includeInIndex = 1; lastKnownFileType = text.xcconfig; name = "Pods-ReferenceRepository.debug.xcconfig"; path = "Target Support Files/Pods-ReferenceRepository/Pods-ReferenceRepository.debug.xcconfig"; sourceTree = "<group>"; };
		AD9A58AB90DA2E2B7967670B /* Pods-ReferenceRepository.release.xcconfig */ = {isa = PBXFileReference; includeInIndex = 1; lastKnownFileType = text.xcconfig; name = "Pods-ReferenceRepository.release.xcconfig"; path = "Target Support Files/Pods-ReferenceRepository/Pods-ReferenceRepository.release.xcconfig"; sourceTree = "<group>"; };
		F2FD301231BF38812C4482C4 /* Pods_ReferenceRepository.framework */ = {isa = PBXFileReference; explicitFileType = wrapper.framework; includeInIndex = 0; path = Pods_ReferenceRepository.framework; sourceTree = BUILT_PRODUCTS_DIR; };
/* End PBXFileReference section */

/* Begin PBXFrameworksBuildPhase section */
		3B2D2A4A26F206E600420A13 /* Frameworks */ = {
			isa = PBXFrameworksBuildPhase;
			buildActionMask = 2147483647;
			files = (
				24AB4FB01FCFC5449B95558D /* Pods_ReferenceRepository.framework in Frameworks */,
			);
			runOnlyForDeploymentPostprocessing = 0;
		};
/* End PBXFrameworksBuildPhase section */

/* Begin PBXGroup section */
		28B5B7CC9CBCF76F3D285381 /* Pods */ = {
			isa = PBXGroup;
			children = (
				483BCA609F65CB13B70B01C2 /* Pods-ReferenceRepository.debug.xcconfig */,
				AD9A58AB90DA2E2B7967670B /* Pods-ReferenceRepository.release.xcconfig */,
			);
			path = Pods;
			sourceTree = "<group>";
		};
		3B2D2A4426F206E600420A13 = {
			isa = PBXGroup;
			children = (
				3B2D2A4F26F206E600420A13 /* ReferenceRepository */,
				3B2D2A4E26F206E600420A13 /* Products */,
				28B5B7CC9CBCF76F3D285381 /* Pods */,
				B20FCA7B60257FBEDEA3E8F3 /* Frameworks */,
			);
			sourceTree = "<group>";
		};
		3B2D2A4E26F206E600420A13 /* Products */ = {
			isa = PBXGroup;
			children = (
				3B2D2A4D26F206E600420A13 /* ReferenceRepository.app */,
			);
			name = Products;
			sourceTree = "<group>";
		};
		3B2D2A4F26F206E600420A13 /* ReferenceRepository */ = {
			isa = PBXGroup;
			children = (
				3B2D2A5026F206E600420A13 /* AppDelegate.swift */,
				3B2D2A5226F206E600420A13 /* SceneDelegate.swift */,
				3B44841C26F4D6EA00B6F098 /* View */,
				3B2D2A6F26F34DCC00420A13 /* ViewModel */,
				3B2D2A5926F206E800420A13 /* Assets.xcassets */,
				3B2D2A5B26F206E800420A13 /* LaunchScreen.storyboard */,
				3B2D2A5E26F206E800420A13 /* Info.plist */,
			);
			path = ReferenceRepository;
			sourceTree = "<group>";
		};
		3B2D2A6F26F34DCC00420A13 /* ViewModel */ = {
			isa = PBXGroup;
			children = (
				3B2D2A6C26F34DC500420A13 /* ViewModel.swift */,
			);
			path = ViewModel;
			sourceTree = "<group>";
		};
		3B44841C26F4D6EA00B6F098 /* View */ = {
			isa = PBXGroup;
			children = (
				3B2D2A5426F206E600420A13 /* ViewController.swift */,
				3B2D2A5626F206E600420A13 /* ViewController.storyboard */,
				3B44841D26F4D73C00B6F098 /* Cell */,
			);
			path = View;
			sourceTree = "<group>";
		};
		3B44841D26F4D73C00B6F098 /* Cell */ = {
			isa = PBXGroup;
			children = (
				3B44841E26F4D77500B6F098 /* ItemCollectionViewCell.swift */,
				3B44841F26F4D77500B6F098 /* ItemCollectionViewCell.xib */,
			);
			path = Cell;
			sourceTree = "<group>";
		};
		B20FCA7B60257FBEDEA3E8F3 /* Frameworks */ = {
			isa = PBXGroup;
			children = (
				F2FD301231BF38812C4482C4 /* Pods_ReferenceRepository.framework */,
			);
			name = Frameworks;
			sourceTree = "<group>";
		};
/* End PBXGroup section */

/* Begin PBXNativeTarget section */
		3B2D2A4C26F206E600420A13 /* ReferenceRepository */ = {
			isa = PBXNativeTarget;
			buildConfigurationList = 3B2D2A6126F206E800420A13 /* Build configuration list for PBXNativeTarget "ReferenceRepository" */;
			buildPhases = (
				04156744863BCA3DED268F6E /* [CP] Check Pods Manifest.lock */,
				3B2D2A4926F206E600420A13 /* Sources */,
				3B2D2A4A26F206E600420A13 /* Frameworks */,
				3B2D2A4B26F206E600420A13 /* Resources */,
				3B2D2A6526F20F1E00420A13 /* ShellScript */,
				592772D56C3FB14F7519E818 /* [CP] Embed Pods Frameworks */,
			);
			buildRules = (
			);
			dependencies = (
			);
			name = ReferenceRepository;
			productName = ReferenceRepository;
			productReference = 3B2D2A4D26F206E600420A13 /* ReferenceRepository.app */;
			productType = "com.apple.product-type.application";
		};
/* End PBXNativeTarget section */

/* Begin PBXProject section */
		3B2D2A4526F206E600420A13 /* Project object */ = {
			isa = PBXProject;
			attributes = {
				LastSwiftUpdateCheck = 1210;
				LastUpgradeCheck = 1210;
				TargetAttributes = {
					3B2D2A4C26F206E600420A13 = {
						CreatedOnToolsVersion = 12.1;
					};
				};
			};
			buildConfigurationList = 3B2D2A4826F206E600420A13 /* Build configuration list for PBXProject "ReferenceRepository" */;
			compatibilityVersion = "Xcode 9.3";
			developmentRegion = en;
			hasScannedForEncodings = 0;
			knownRegions = (
				en,
				Base,
			);
			mainGroup = 3B2D2A4426F206E600420A13;
			productRefGroup = 3B2D2A4E26F206E600420A13 /* Products */;
			projectDirPath = "";
			projectRoot = "";
			targets = (
				3B2D2A4C26F206E600420A13 /* ReferenceRepository */,
			);
		};
/* End PBXProject section */

/* Begin PBXResourcesBuildPhase section */
		3B2D2A4B26F206E600420A13 /* Resources */ = {
			isa = PBXResourcesBuildPhase;
			buildActionMask = 2147483647;
			files = (
				3B2D2A5D26F206E800420A13 /* LaunchScreen.storyboard in Resources */,
				3B44842126F4D77500B6F098 /* ItemCollectionViewCell.xib in Resources */,
				3B2D2A5A26F206E800420A13 /* Assets.xcassets in Resources */,
				3B2D2A5826F206E600420A13 /* ViewController.storyboard in Resources */,
			);
			runOnlyForDeploymentPostprocessing = 0;
		};
/* End PBXResourcesBuildPhase section */

/* Begin PBXShellScriptBuildPhase section */
		04156744863BCA3DED268F6E /* [CP] Check Pods Manifest.lock */ = {
			isa = PBXShellScriptBuildPhase;
			buildActionMask = 2147483647;
			files = (
			);
			inputFileListPaths = (
			);
			inputPaths = (
				"${PODS_PODFILE_DIR_PATH}/Podfile.lock",
				"${PODS_ROOT}/Manifest.lock",
			);
			name = "[CP] Check Pods Manifest.lock";
			outputFileListPaths = (
			);
			outputPaths = (
				"$(DERIVED_FILE_DIR)/Pods-ReferenceRepository-checkManifestLockResult.txt",
			);
			runOnlyForDeploymentPostprocessing = 0;
			shellPath = /bin/sh;
			shellScript = "diff \"${PODS_PODFILE_DIR_PATH}/Podfile.lock\" \"${PODS_ROOT}/Manifest.lock\" > /dev/null\nif [ $? != 0 ] ; then\n    # print error to STDERR\n    echo \"error: The sandbox is not in sync with the Podfile.lock. Run 'pod install' or update your CocoaPods installation.\" >&2\n    exit 1\nfi\n# This output is used by Xcode 'outputs' to avoid re-running this script phase.\necho \"SUCCESS\" > \"${SCRIPT_OUTPUT_FILE_0}\"\n";
			showEnvVarsInLog = 0;
		};
		3B2D2A6526F20F1E00420A13 /* ShellScript */ = {
			isa = PBXShellScriptBuildPhase;
			buildActionMask = 2147483647;
			files = (
			);
			inputFileListPaths = (
			);
			inputPaths = (
			);
			outputFileListPaths = (
			);
			outputPaths = (
			);
			runOnlyForDeploymentPostprocessing = 0;
			shellPath = /bin/sh;
			shellScript = "if which mint >/dev/null; then\n  mint run swiftlint swiftlint autocorrect --format\n  mint run swiftlint swiftlint\nelse\n  echo \"warning: Mint not installed, download from https://github.com/yonaskolb/Mint\"\nfi\n";
		};
		592772D56C3FB14F7519E818 /* [CP] Embed Pods Frameworks */ = {
			isa = PBXShellScriptBuildPhase;
			buildActionMask = 2147483647;
			files = (
			);
			inputFileListPaths = (
				"${PODS_ROOT}/Target Support Files/Pods-ReferenceRepository/Pods-ReferenceRepository-frameworks-${CONFIGURATION}-input-files.xcfilelist",
			);
			name = "[CP] Embed Pods Frameworks";
			outputFileListPaths = (
				"${PODS_ROOT}/Target Support Files/Pods-ReferenceRepository/Pods-ReferenceRepository-frameworks-${CONFIGURATION}-output-files.xcfilelist",
			);
			runOnlyForDeploymentPostprocessing = 0;
			shellPath = /bin/sh;
			shellScript = "\"${PODS_ROOT}/Target Support Files/Pods-ReferenceRepository/Pods-ReferenceRepository-frameworks.sh\"\n";
			showEnvVarsInLog = 0;
		};
/* End PBXShellScriptBuildPhase section */

/* Begin PBXSourcesBuildPhase section */
		3B2D2A4926F206E600420A13 /* Sources */ = {
			isa = PBXSourcesBuildPhase;
			buildActionMask = 2147483647;
			files = (
				3B44842026F4D77500B6F098 /* ItemCollectionViewCell.swift in Sources */,
				3B2D2A5526F206E600420A13 /* ViewController.swift in Sources */,
				3B2D2A5126F206E600420A13 /* AppDelegate.swift in Sources */,
				3B2D2A6D26F34DC500420A13 /* ViewModel.swift in Sources */,
				3B2D2A5326F206E600420A13 /* SceneDelegate.swift in Sources */,
			);
			runOnlyForDeploymentPostprocessing = 0;
		};
/* End PBXSourcesBuildPhase section */

/* Begin PBXVariantGroup section */
		3B2D2A5626F206E600420A13 /* ViewController.storyboard */ = {
			isa = PBXVariantGroup;
			children = (
				3B2D2A5726F206E600420A13 /* Base */,
			);
			name = ViewController.storyboard;
			sourceTree = "<group>";
		};
		3B2D2A5B26F206E800420A13 /* LaunchScreen.storyboard */ = {
			isa = PBXVariantGroup;
			children = (
				3B2D2A5C26F206E800420A13 /* Base */,
			);
			name = LaunchScreen.storyboard;
			sourceTree = "<group>";
		};
/* End PBXVariantGroup section */

/* Begin XCBuildConfiguration section */
		3B2D2A5F26F206E800420A13 /* Debug */ = {
			isa = XCBuildConfiguration;
			buildSettings = {
				ALWAYS_SEARCH_USER_PATHS = NO;
				CLANG_ANALYZER_NONNULL = YES;
				CLANG_ANALYZER_NUMBER_OBJECT_CONVERSION = YES_AGGRESSIVE;
				CLANG_CXX_LANGUAGE_STANDARD = "gnu++14";
				CLANG_CXX_LIBRARY = "libc++";
				CLANG_ENABLE_MODULES = YES;
				CLANG_ENABLE_OBJC_ARC = YES;
				CLANG_ENABLE_OBJC_WEAK = YES;
				CLANG_WARN_BLOCK_CAPTURE_AUTORELEASING = YES;
				CLANG_WARN_BOOL_CONVERSION = YES;
				CLANG_WARN_COMMA = YES;
				CLANG_WARN_CONSTANT_CONVERSION = YES;
				CLANG_WARN_DEPRECATED_OBJC_IMPLEMENTATIONS = YES;
				CLANG_WARN_DIRECT_OBJC_ISA_USAGE = YES_ERROR;
				CLANG_WARN_DOCUMENTATION_COMMENTS = YES;
				CLANG_WARN_EMPTY_BODY = YES;
				CLANG_WARN_ENUM_CONVERSION = YES;
				CLANG_WARN_INFINITE_RECURSION = YES;
				CLANG_WARN_INT_CONVERSION = YES;
				CLANG_WARN_NON_LITERAL_NULL_CONVERSION = YES;
				CLANG_WARN_OBJC_IMPLICIT_RETAIN_SELF = YES;
				CLANG_WARN_OBJC_LITERAL_CONVERSION = YES;
				CLANG_WARN_OBJC_ROOT_CLASS = YES_ERROR;
				CLANG_WARN_QUOTED_INCLUDE_IN_FRAMEWORK_HEADER = YES;
				CLANG_WARN_RANGE_LOOP_ANALYSIS = YES;
				CLANG_WARN_STRICT_PROTOTYPES = YES;
				CLANG_WARN_SUSPICIOUS_MOVE = YES;
				CLANG_WARN_UNGUARDED_AVAILABILITY = YES_AGGRESSIVE;
				CLANG_WARN_UNREACHABLE_CODE = YES;
				CLANG_WARN__DUPLICATE_METHOD_MATCH = YES;
				COPY_PHASE_STRIP = NO;
				DEBUG_INFORMATION_FORMAT = dwarf;
				ENABLE_STRICT_OBJC_MSGSEND = YES;
				ENABLE_TESTABILITY = YES;
				GCC_C_LANGUAGE_STANDARD = gnu11;
				GCC_DYNAMIC_NO_PIC = NO;
				GCC_NO_COMMON_BLOCKS = YES;
				GCC_OPTIMIZATION_LEVEL = 0;
				GCC_PREPROCESSOR_DEFINITIONS = (
					"DEBUG=1",
					"$(inherited)",
				);
				GCC_WARN_64_TO_32_BIT_CONVERSION = YES;
				GCC_WARN_ABOUT_RETURN_TYPE = YES_ERROR;
				GCC_WARN_UNDECLARED_SELECTOR = YES;
				GCC_WARN_UNINITIALIZED_AUTOS = YES_AGGRESSIVE;
				GCC_WARN_UNUSED_FUNCTION = YES;
				GCC_WARN_UNUSED_VARIABLE = YES;
				IPHONEOS_DEPLOYMENT_TARGET = 14.1;
				MTL_ENABLE_DEBUG_INFO = INCLUDE_SOURCE;
				MTL_FAST_MATH = YES;
				ONLY_ACTIVE_ARCH = YES;
				SDKROOT = iphoneos;
				SWIFT_ACTIVE_COMPILATION_CONDITIONS = DEBUG;
				SWIFT_OPTIMIZATION_LEVEL = "-Onone";
			};
			name = Debug;
		};
		3B2D2A6026F206E800420A13 /* Release */ = {
			isa = XCBuildConfiguration;
			buildSettings = {
				ALWAYS_SEARCH_USER_PATHS = NO;
				CLANG_ANALYZER_NONNULL = YES;
				CLANG_ANALYZER_NUMBER_OBJECT_CONVERSION = YES_AGGRESSIVE;
				CLANG_CXX_LANGUAGE_STANDARD = "gnu++14";
				CLANG_CXX_LIBRARY = "libc++";
				CLANG_ENABLE_MODULES = YES;
				CLANG_ENABLE_OBJC_ARC = YES;
				CLANG_ENABLE_OBJC_WEAK = YES;
				CLANG_WARN_BLOCK_CAPTURE_AUTORELEASING = YES;
				CLANG_WARN_BOOL_CONVERSION = YES;
				CLANG_WARN_COMMA = YES;
				CLANG_WARN_CONSTANT_CONVERSION = YES;
				CLANG_WARN_DEPRECATED_OBJC_IMPLEMENTATIONS = YES;
				CLANG_WARN_DIRECT_OBJC_ISA_USAGE = YES_ERROR;
				CLANG_WARN_DOCUMENTATION_COMMENTS = YES;
				CLANG_WARN_EMPTY_BODY = YES;
				CLANG_WARN_ENUM_CONVERSION = YES;
				CLANG_WARN_INFINITE_RECURSION = YES;
				CLANG_WARN_INT_CONVERSION = YES;
				CLANG_WARN_NON_LITERAL_NULL_CONVERSION = YES;
				CLANG_WARN_OBJC_IMPLICIT_RETAIN_SELF = YES;
				CLANG_WARN_OBJC_LITERAL_CONVERSION = YES;
				CLANG_WARN_OBJC_ROOT_CLASS = YES_ERROR;
				CLANG_WARN_QUOTED_INCLUDE_IN_FRAMEWORK_HEADER = YES;
				CLANG_WARN_RANGE_LOOP_ANALYSIS = YES;
				CLANG_WARN_STRICT_PROTOTYPES = YES;
				CLANG_WARN_SUSPICIOUS_MOVE = YES;
				CLANG_WARN_UNGUARDED_AVAILABILITY = YES_AGGRESSIVE;
				CLANG_WARN_UNREACHABLE_CODE = YES;
				CLANG_WARN__DUPLICATE_METHOD_MATCH = YES;
				COPY_PHASE_STRIP = NO;
				DEBUG_INFORMATION_FORMAT = "dwarf-with-dsym";
				ENABLE_NS_ASSERTIONS = NO;
				ENABLE_STRICT_OBJC_MSGSEND = YES;
				GCC_C_LANGUAGE_STANDARD = gnu11;
				GCC_NO_COMMON_BLOCKS = YES;
				GCC_WARN_64_TO_32_BIT_CONVERSION = YES;
				GCC_WARN_ABOUT_RETURN_TYPE = YES_ERROR;
				GCC_WARN_UNDECLARED_SELECTOR = YES;
				GCC_WARN_UNINITIALIZED_AUTOS = YES_AGGRESSIVE;
				GCC_WARN_UNUSED_FUNCTION = YES;
				GCC_WARN_UNUSED_VARIABLE = YES;
				IPHONEOS_DEPLOYMENT_TARGET = 14.1;
				MTL_ENABLE_DEBUG_INFO = NO;
				MTL_FAST_MATH = YES;
				SDKROOT = iphoneos;
				SWIFT_COMPILATION_MODE = wholemodule;
				SWIFT_OPTIMIZATION_LEVEL = "-O";
				VALIDATE_PRODUCT = YES;
			};
			name = Release;
		};
		3B2D2A6226F206E800420A13 /* Debug */ = {
			isa = XCBuildConfiguration;
			baseConfigurationReference = 483BCA609F65CB13B70B01C2 /* Pods-ReferenceRepository.debug.xcconfig */;
			buildSettings = {
				ASSETCATALOG_COMPILER_APPICON_NAME = AppIcon;
				ASSETCATALOG_COMPILER_GLOBAL_ACCENT_COLOR_NAME = AccentColor;
				CODE_SIGN_STYLE = Automatic;
				DEVELOPMENT_TEAM = MZS6GWM7ZN;
				INFOPLIST_FILE = ReferenceRepository/Info.plist;
				LD_RUNPATH_SEARCH_PATHS = (
					"$(inherited)",
					"@executable_path/Frameworks",
				);
				PRODUCT_BUNDLE_IDENTIFIER = com.antk.ReferenceRepository;
				PRODUCT_NAME = "$(TARGET_NAME)";
				SWIFT_VERSION = 5.0;
				TARGETED_DEVICE_FAMILY = 1;
			};
			name = Debug;
		};
		3B2D2A6326F206E800420A13 /* Release */ = {
			isa = XCBuildConfiguration;
			baseConfigurationReference = AD9A58AB90DA2E2B7967670B /* Pods-ReferenceRepository.release.xcconfig */;
			buildSettings = {
				ASSETCATALOG_COMPILER_APPICON_NAME = AppIcon;
				ASSETCATALOG_COMPILER_GLOBAL_ACCENT_COLOR_NAME = AccentColor;
				CODE_SIGN_STYLE = Automatic;
				DEVELOPMENT_TEAM = MZS6GWM7ZN;
				INFOPLIST_FILE = ReferenceRepository/Info.plist;
				LD_RUNPATH_SEARCH_PATHS = (
					"$(inherited)",
					"@executable_path/Frameworks",
				);
				PRODUCT_BUNDLE_IDENTIFIER = com.antk.ReferenceRepository;
				PRODUCT_NAME = "$(TARGET_NAME)";
				SWIFT_VERSION = 5.0;
				TARGETED_DEVICE_FAMILY = 1;
			};
			name = Release;
		};
/* End XCBuildConfiguration section */

/* Begin XCConfigurationList section */
		3B2D2A4826F206E600420A13 /* Build configuration list for PBXProject "ReferenceRepository" */ = {
			isa = XCConfigurationList;
			buildConfigurations = (
				3B2D2A5F26F206E800420A13 /* Debug */,
				3B2D2A6026F206E800420A13 /* Release */,
			);
			defaultConfigurationIsVisible = 0;
			defaultConfigurationName = Release;
		};
		3B2D2A6126F206E800420A13 /* Build configuration list for PBXNativeTarget "ReferenceRepository" */ = {
			isa = XCConfigurationList;
			buildConfigurations = (
				3B2D2A6226F206E800420A13 /* Debug */,
				3B2D2A6326F206E800420A13 /* Release */,
			);
			defaultConfigurationIsVisible = 0;
			defaultConfigurationName = Release;
		};
/* End XCConfigurationList section */
	};
	rootObject = 3B2D2A4526F206E600420A13 /* Project object */;
}
